
Microsoft Visual Studio Solution File, Format Version 12.00
# Visual Studio Version 17
VisualStudioVersion = 17.5.33627.172
MinimumVisualStudioVersion = 10.0.40219.1
Project("{FAE04EC0-301F-11D3-BF4B-00C04F79EFBC}") = "Client", "Client.csproj", "{483E9525-C42A-412B-886C-E97DDC6FB0AA}"
EndProject
Global
	GlobalSection(SolutionConfigurationPlatforms) = preSolution
		Debug|Any CPU = Debug|Any CPU
		Release|Any CPU = Release|Any CPU
	EndGlobalSection
	GlobalSection(ProjectConfigurationPlatforms) = postSolution
		{483E9525-C42A-412B-886C-E97DDC6FB0AA}.Debug|Any CPU.ActiveCfg = Debug|Any CPU
		{483E9525-C42A-412B-886C-E97DDC6FB0AA}.Debug|Any CPU.Build.0 = Debug|Any CPU
		{483E9525-C42A-412B-886C-E97DDC6FB0AA}.Release|Any CPU.ActiveCfg = Release|Any CPU
		{483E9525-C42A-412B-886C-E97DDC6FB0AA}.Release|Any CPU.Build.0 = Release|Any CPU
	EndGlobalSection
	GlobalSection(SolutionProperties) = preSolution
		HideSolutionNode = FALSE
	EndGlobalSection
	GlobalSection(ExtensibilityGlobals) = postSolution
		SolutionGuid = {F3B6783B-8459-4127-8F0E-515A161EA4B6}
	EndGlobalSection
EndGlobal
